
Microsoft Visual Studio Solution File, Format Version 12.00
# Visual Studio 2013
VisualStudioVersion = 12.0.31101.0
MinimumVisualStudioVersion = 10.0.40219.1
Project("{FAE04EC0-301F-11D3-BF4B-00C04F79EFBC}") = "BaggageTractor", "BaggageTractor\BaggageTractor.csproj", "{1ACAA0A5-F98F-4DCC-989D-66FC17655C88}"
EndProject
Global
	GlobalSection(SolutionConfigurationPlatforms) = preSolution
		Debug|Any CPU = Debug|Any CPU
		Release|Any CPU = Release|Any CPU
	EndGlobalSection
	GlobalSection(ProjectConfigurationPlatforms) = postSolution
		{1ACAA0A5-F98F-4DCC-989D-66FC17655C88}.Debug|Any CPU.ActiveCfg = Debug|Any CPU
		{1ACAA0A5-F98F-4DCC-989D-66FC17655C88}.Debug|Any CPU.Build.0 = Debug|Any CPU
		{1ACAA0A5-F98F-4DCC-989D-66FC17655C88}.Release|Any CPU.ActiveCfg = Release|Any CPU
		{1ACAA0A5-F98F-4DCC-989D-66FC17655C88}.Release|Any CPU.Build.0 = Release|Any CPU
	EndGlobalSection
	GlobalSection(SolutionProperties) = preSolution
		HideSolutionNode = FALSE
	EndGlobalSection
EndGlobal
